
Microsoft Visual Studio Solution File, Format Version 12.00
# Visual Studio Version 17
VisualStudioVersion = 17.14.36109.1 d17.14
MinimumVisualStudioVersion = 10.0.40219.1
Project("{FAE04EC0-301F-11D3-BF4B-00C04F79EFBC}") = "vitalapi", "vitalapi\vitalapi.csproj", "{4F96F617-D9E1-4214-A37E-AF63A8C724C6}"
EndProject
Global
	GlobalSection(SolutionConfigurationPlatforms) = preSolution
		Debug|Any CPU = Debug|Any CPU
		Release|Any CPU = Release|Any CPU
	EndGlobalSection
	GlobalSection(ProjectConfigurationPlatforms) = postSolution
		{4F96F617-D9E1-4214-A37E-AF63A8C724C6}.Debug|Any CPU.ActiveCfg = Debug|Any CPU
		{4F96F617-D9E1-4214-A37E-AF63A8C724C6}.Debug|Any CPU.Build.0 = Debug|Any CPU
		{4F96F617-D9E1-4214-A37E-AF63A8C724C6}.Release|Any CPU.ActiveCfg = Release|Any CPU
		{4F96F617-D9E1-4214-A37E-AF63A8C724C6}.Release|Any CPU.Build.0 = Release|Any CPU
	EndGlobalSection
	GlobalSection(SolutionProperties) = preSolution
		HideSolutionNode = FALSE
	EndGlobalSection
	GlobalSection(ExtensibilityGlobals) = postSolution
		SolutionGuid = {14783498-84BD-48AC-94B4-374839CE8002}
	EndGlobalSection
EndGlobal
